
Microsoft Visual Studio Solution File, Format Version 12.00
# Visual Studio Version 17
VisualStudioVersion = 17.9.34607.119
MinimumVisualStudioVersion = 10.0.40219.1
Project("{FAE04EC0-301F-11D3-BF4B-00C04F79EFBC}") = "Group_Project", "Group_Project\Group_Project.csproj", "{CDE6C9D8-1B5D-4B3E-B74A-2666F1AC9087}"
EndProject
Global
	GlobalSection(SolutionConfigurationPlatforms) = preSolution
		Debug|Any CPU = Debug|Any CPU
		Release|Any CPU = Release|Any CPU
	EndGlobalSection
	GlobalSection(ProjectConfigurationPlatforms) = postSolution
		{CDE6C9D8-1B5D-4B3E-B74A-2666F1AC9087}.Debug|Any CPU.ActiveCfg = Debug|Any CPU
		{CDE6C9D8-1B5D-4B3E-B74A-2666F1AC9087}.Debug|Any CPU.Build.0 = Debug|Any CPU
		{CDE6C9D8-1B5D-4B3E-B74A-2666F1AC9087}.Release|Any CPU.ActiveCfg = Release|Any CPU
		{CDE6C9D8-1B5D-4B3E-B74A-2666F1AC9087}.Release|Any CPU.Build.0 = Release|Any CPU
	EndGlobalSection
	GlobalSection(SolutionProperties) = preSolution
		HideSolutionNode = FALSE
	EndGlobalSection
	GlobalSection(ExtensibilityGlobals) = postSolution
		SolutionGuid = {B47846AA-A772-4BEA-9E7C-2BF828B9564B}
	EndGlobalSection
EndGlobal
